
Microsoft Visual Studio Solution File, Format Version 12.00
# Visual Studio Version 16
VisualStudioVersion = 16.0.31624.102
MinimumVisualStudioVersion = 10.0.40219.1
Project("{8BC9CEB8-8B4A-11D0-8D11-00A0C91BC942}") = "lab3_fence", "lab3_fence.vcxproj", "{B93FBBC3-CF22-43CF-B096-21A70D531E65}"
EndProject
Global
	GlobalSection(SolutionConfigurationPlatforms) = preSolution
		Debug|x64 = Debug|x64
		Debug|x86 = Debug|x86
		Release|x64 = Release|x64
		Release|x86 = Release|x86
	EndGlobalSection
	GlobalSection(ProjectConfigurationPlatforms) = postSolution
		{B93FBBC3-CF22-43CF-B096-21A70D531E65}.Debug|x64.ActiveCfg = Debug|x64
		{B93FBBC3-CF22-43CF-B096-21A70D531E65}.Debug|x64.Build.0 = Debug|x64
		{B93FBBC3-CF22-43CF-B096-21A70D531E65}.Debug|x86.ActiveCfg = Debug|Win32
		{B93FBBC3-CF22-43CF-B096-21A70D531E65}.Debug|x86.Build.0 = Debug|Win32
		{B93FBBC3-CF22-43CF-B096-21A70D531E65}.Release|x64.ActiveCfg = Release|x64
		{B93FBBC3-CF22-43CF-B096-21A70D531E65}.Release|x64.Build.0 = Release|x64
		{B93FBBC3-CF22-43CF-B096-21A70D531E65}.Release|x86.ActiveCfg = Release|Win32
		{B93FBBC3-CF22-43CF-B096-21A70D531E65}.Release|x86.Build.0 = Release|Win32
	EndGlobalSection
	GlobalSection(SolutionProperties) = preSolution
		HideSolutionNode = FALSE
	EndGlobalSection
	GlobalSection(ExtensibilityGlobals) = postSolution
		SolutionGuid = {F10B7CFD-B799-45BF-B5A6-E00789B7D989}
	EndGlobalSection
EndGlobal
