
Microsoft Visual Studio Solution File, Format Version 12.00
# Visual Studio Version 16
VisualStudioVersion = 16.0.31624.102
MinimumVisualStudioVersion = 10.0.40219.1
Project("{8BC9CEB8-8B4A-11D0-8D11-00A0C91BC942}") = "lab4_stars", "lab4_stars.vcxproj", "{3230E3AC-C0F0-43A6-8ACA-6CF1ED6198CF}"
EndProject
Global
	GlobalSection(SolutionConfigurationPlatforms) = preSolution
		Debug|x64 = Debug|x64
		Debug|x86 = Debug|x86
		Release|x64 = Release|x64
		Release|x86 = Release|x86
	EndGlobalSection
	GlobalSection(ProjectConfigurationPlatforms) = postSolution
		{3230E3AC-C0F0-43A6-8ACA-6CF1ED6198CF}.Debug|x64.ActiveCfg = Debug|x64
		{3230E3AC-C0F0-43A6-8ACA-6CF1ED6198CF}.Debug|x64.Build.0 = Debug|x64
		{3230E3AC-C0F0-43A6-8ACA-6CF1ED6198CF}.Debug|x86.ActiveCfg = Debug|Win32
		{3230E3AC-C0F0-43A6-8ACA-6CF1ED6198CF}.Debug|x86.Build.0 = Debug|Win32
		{3230E3AC-C0F0-43A6-8ACA-6CF1ED6198CF}.Release|x64.ActiveCfg = Release|x64
		{3230E3AC-C0F0-43A6-8ACA-6CF1ED6198CF}.Release|x64.Build.0 = Release|x64
		{3230E3AC-C0F0-43A6-8ACA-6CF1ED6198CF}.Release|x86.ActiveCfg = Release|Win32
		{3230E3AC-C0F0-43A6-8ACA-6CF1ED6198CF}.Release|x86.Build.0 = Release|Win32
	EndGlobalSection
	GlobalSection(SolutionProperties) = preSolution
		HideSolutionNode = FALSE
	EndGlobalSection
	GlobalSection(ExtensibilityGlobals) = postSolution
		SolutionGuid = {49BF8D7D-25A3-4E17-A332-07E1232970BE}
	EndGlobalSection
EndGlobal
